{
  "requires": true,
  "lockfileVersion": 1,
  "dependencies": {
    "ejs": {
      "version": "1.0.0",
      "resolved": "https://registry.npmjs.org/ejs/-/ejs-1.0.0.tgz",
      "integrity": "sha1-ycYKSKRu5FL7MqccMXuV5aofyz0="
    },
    "hexo-generator-index": {
      "version": "0.2.1",
      "resolved": "https://registry.npmjs.org/hexo-generator-index/-/hexo-generator-index-0.2.1.tgz",
      "integrity": "sha1-kEIin8rHmq9wBXXaGTMr8/fuXF0=",
      "requires": {
        "hexo-pagination": "0.0.2",
        "object-assign": "^4.0.1"
      }
    },
    "hexo-generator-searchdb": {
      "version": "1.0.8",
      "resolved": "https://registry.npmjs.org/hexo-generator-searchdb/-/hexo-generator-searchdb-1.0.8.tgz",
      "integrity": "sha1-BCRSVuFBOmYxOTLb8cCn5WhVkwE=",
      "requires": {
        "ejs": "^1.0.0",
        "striptags": "^3.1.1",
        "utils-merge": "^1.0.0"
      }
    },
    "hexo-pagination": {
      "version": "0.0.2",
      "resolved": "https://registry.npmjs.org/hexo-pagination/-/hexo-pagination-0.0.2.tgz",
      "integrity": "sha1-jPRwx9sN5bGKOSanbesZQBXffys=",
      "requires": {
        "utils-merge": "^1.0.0"
      }
    },
    "object-assign": {
      "version": "4.1.1",
      "resolved": "https://registry.npmjs.org/object-assign/-/object-assign-4.1.1.tgz",
      "integrity": "sha1-IQmtx5ZYh8/AXLvUQsrIv7s2CGM="
    },
    "striptags": {
      "version": "3.1.1",
      "resolved": "https://registry.npmjs.org/striptags/-/striptags-3.1.1.tgz",
      "integrity": "sha1-yMPn/db7S7OjKjt1LltePjgJPr0="
    },
    "utils-merge": {
      "version": "1.0.1",
      "resolved": "https://registry.npmjs.org/utils-merge/-/utils-merge-1.0.1.tgz",
      "integrity": "sha1-n5VxD1CiZ5R7LMwSR0HBAoQn5xM="
    }
  }
}
